// !$*UTF8*$!
{
	archiveVersion = 1;
	classes = {
	};
	objectVersion = 50;
	objects = {

/* Begin PBXBuildFile section */
		89634BAA207970F200B6417E /* PostService.swift in Sources */ = {isa = PBXBuildFile; fileRef = 89634BA7207970F100B6417E /* PostService.swift */; };
		89634BAB207970F200B6417E /* PostResponse.swift in Sources */ = {isa = PBXBuildFile; fileRef = 89634BA8207970F100B6417E /* PostResponse.swift */; };
		89634BAC207970F200B6417E /* JSONPlaceholderEndPoint.swift in Sources */ = {isa = PBXBuildFile; fileRef = 89634BA9207970F100B6417E /* JSONPlaceholderEndPoint.swift */; };
		899022D2208CAC860091D777 /* PostListPresenter.swift in Sources */ = {isa = PBXBuildFile; fileRef = 899022D1208CAC860091D777 /* PostListPresenter.swift */; };
		899022D7208CAF8F0091D777 /* PostListTableViewCell.swift in Sources */ = {isa = PBXBuildFile; fileRef = 899022D6208CAF8F0091D777 /* PostListTableViewCell.swift */; };
		899022D9208CAFFB0091D777 /* Constants.swift in Sources */ = {isa = PBXBuildFile; fileRef = 899022D8208CAFFB0091D777 /* Constants.swift */; };
		899022E1208CB99E0091D777 /* PostDetailViewController.swift in Sources */ = {isa = PBXBuildFile; fileRef = 899022E0208CB99E0091D777 /* PostDetailViewController.swift */; };
		899022E3208CB9B20091D777 /* PostDetailPresenter.swift in Sources */ = {isa = PBXBuildFile; fileRef = 899022E2208CB9B20091D777 /* PostDetailPresenter.swift */; };
		899022EC208CC92C0091D777 /* Presenter.swift in Sources */ = {isa = PBXBuildFile; fileRef = 899022EB208CC92C0091D777 /* Presenter.swift */; };
		899022EE208CC9360091D777 /* CompletionHandler.swift in Sources */ = {isa = PBXBuildFile; fileRef = 899022ED208CC9360091D777 /* CompletionHandler.swift */; };
		8991F5942079707000DF8A35 /* AppDelegate.swift in Sources */ = {isa = PBXBuildFile; fileRef = 8991F5932079707000DF8A35 /* AppDelegate.swift */; };
		8991F5962079707000DF8A35 /* PostListViewController.swift in Sources */ = {isa = PBXBuildFile; fileRef = 8991F5952079707000DF8A35 /* PostListViewController.swift */; };
		8991F5992079707000DF8A35 /* Main.storyboard in Resources */ = {isa = PBXBuildFile; fileRef = 8991F5972079707000DF8A35 /* Main.storyboard */; };
		8991F59B2079707100DF8A35 /* Assets.xcassets in Resources */ = {isa = PBXBuildFile; fileRef = 8991F59A2079707100DF8A35 /* Assets.xcassets */; };
		8991F59E2079707100DF8A35 /* LaunchScreen.storyboard in Resources */ = {isa = PBXBuildFile; fileRef = 8991F59C2079707100DF8A35 /* LaunchScreen.storyboard */; };
/* End PBXBuildFile section */

/* Begin PBXContainerItemProxy section */
		89CB4AD6208FAAC400AB5BE5 /* PBXContainerItemProxy */ = {
			isa = PBXContainerItemProxy;
			containerPortal = 89CB4AD1208FAAC400AB5BE5 /* Networking.xcodeproj */;
			proxyType = 2;
			remoteGlobalIDString = 8991F55920796C7500DF8A35;
			remoteInfo = Networking;
		};
/* End PBXContainerItemProxy section */

/* Begin PBXFileReference section */
		89634BA7207970F100B6417E /* PostService.swift */ = {isa = PBXFileReference; fileEncoding = 4; lastKnownFileType = sourcecode.swift; path = PostService.swift; sourceTree = "<group>"; };
		89634BA8207970F100B6417E /* PostResponse.swift */ = {isa = PBXFileReference; fileEncoding = 4; lastKnownFileType = sourcecode.swift; path = PostResponse.swift; sourceTree = "<group>"; };
		89634BA9207970F100B6417E /* JSONPlaceholderEndPoint.swift */ = {isa = PBXFileReference; fileEncoding = 4; lastKnownFileType = sourcecode.swift; path = JSONPlaceholderEndPoint.swift; sourceTree = "<group>"; };
		899022D1208CAC860091D777 /* PostListPresenter.swift */ = {isa = PBXFileReference; lastKnownFileType = sourcecode.swift; path = PostListPresenter.swift; sourceTree = "<group>"; };
		899022D6208CAF8F0091D777 /* PostListTableViewCell.swift */ = {isa = PBXFileReference; lastKnownFileType = sourcecode.swift; path = PostListTableViewCell.swift; sourceTree = "<group>"; };
		899022D8208CAFFB0091D777 /* Constants.swift */ = {isa = PBXFileReference; lastKnownFileType = sourcecode.swift; path = Constants.swift; sourceTree = "<group>"; };
		899022E0208CB99E0091D777 /* PostDetailViewController.swift */ = {isa = PBXFileReference; lastKnownFileType = sourcecode.swift; path = PostDetailViewController.swift; sourceTree = "<group>"; };
		899022E2208CB9B20091D777 /* PostDetailPresenter.swift */ = {isa = PBXFileReference; lastKnownFileType = sourcecode.swift; path = PostDetailPresenter.swift; sourceTree = "<group>"; };
		899022EB208CC92C0091D777 /* Presenter.swift */ = {isa = PBXFileReference; lastKnownFileType = sourcecode.swift; path = Presenter.swift; sourceTree = "<group>"; };
		899022ED208CC9360091D777 /* CompletionHandler.swift */ = {isa = PBXFileReference; lastKnownFileType = sourcecode.swift; path = CompletionHandler.swift; sourceTree = "<group>"; };
		8991F5902079707000DF8A35 /* NetworkingExample.app */ = {isa = PBXFileReference; explicitFileType = wrapper.application; includeInIndex = 0; path = NetworkingExample.app; sourceTree = BUILT_PRODUCTS_DIR; };
		8991F5932079707000DF8A35 /* AppDelegate.swift */ = {isa = PBXFileReference; lastKnownFileType = sourcecode.swift; path = AppDelegate.swift; sourceTree = "<group>"; };
		8991F5952079707000DF8A35 /* PostListViewController.swift */ = {isa = PBXFileReference; lastKnownFileType = sourcecode.swift; path = PostListViewController.swift; sourceTree = "<group>"; };
		8991F5982079707000DF8A35 /* Base */ = {isa = PBXFileReference; lastKnownFileType = file.storyboard; name = Base; path = Base.lproj/Main.storyboard; sourceTree = "<group>"; };
		8991F59A2079707100DF8A35 /* Assets.xcassets */ = {isa = PBXFileReference; lastKnownFileType = folder.assetcatalog; path = Assets.xcassets; sourceTree = "<group>"; };
		8991F59D2079707100DF8A35 /* Base */ = {isa = PBXFileReference; lastKnownFileType = file.storyboard; name = Base; path = Base.lproj/LaunchScreen.storyboard; sourceTree = "<group>"; };
		8991F59F2079707100DF8A35 /* Info.plist */ = {isa = PBXFileReference; lastKnownFileType = text.plist.xml; path = Info.plist; sourceTree = "<group>"; };
		89CB4AD1208FAAC400AB5BE5 /* Networking.xcodeproj */ = {isa = PBXFileReference; lastKnownFileType = "wrapper.pb-project"; name = Networking.xcodeproj; path = ../Sources/Networking.xcodeproj; sourceTree = "<group>"; };
/* End PBXFileReference section */

/* Begin PBXFrameworksBuildPhase section */
		8991F58D2079707000DF8A35 /* Frameworks */ = {
			isa = PBXFrameworksBuildPhase;
			buildActionMask = 2147483647;
			files = (
			);
			runOnlyForDeploymentPostprocessing = 0;
		};
/* End PBXFrameworksBuildPhase section */

/* Begin PBXGroup section */
		89634BAD207970F500B6417E /* Service */ = {
			isa = PBXGroup;
			children = (
				899022D3208CACCC0091D777 /* EndPoint */,
				89634BA7207970F100B6417E /* PostService.swift */,
				89634BA8207970F100B6417E /* PostResponse.swift */,
			);
			path = Service;
			sourceTree = "<group>";
		};
		89634BAE207970FB00B6417E /* Data */ = {
			isa = PBXGroup;
			children = (
				89634BAD207970F500B6417E /* Service */,
			);
			path = Data;
			sourceTree = "<group>";
		};
		899022CE208CAC260091D777 /* Scenes */ = {
			isa = PBXGroup;
			children = (
				899022D4208CAD0A0091D777 /* PostList */,
				899022D5208CAD130091D777 /* PostDetail */,
				8991F5972079707000DF8A35 /* Main.storyboard */,
			);
			path = Scenes;
			sourceTree = "<group>";
		};
		899022CF208CAC3C0091D777 /* App */ = {
			isa = PBXGroup;
			children = (
				8991F5932079707000DF8A35 /* AppDelegate.swift */,
			);
			path = App;
			sourceTree = "<group>";
		};
		899022D0208CAC460091D777 /* Supporting Files */ = {
			isa = PBXGroup;
			children = (
				8991F59A2079707100DF8A35 /* Assets.xcassets */,
				8991F59C2079707100DF8A35 /* LaunchScreen.storyboard */,
				8991F59F2079707100DF8A35 /* Info.plist */,
			);
			path = "Supporting Files";
			sourceTree = "<group>";
		};
		899022D3208CACCC0091D777 /* EndPoint */ = {
			isa = PBXGroup;
			children = (
				89634BA9207970F100B6417E /* JSONPlaceholderEndPoint.swift */,
			);
			path = EndPoint;
			sourceTree = "<group>";
		};
		899022D4208CAD0A0091D777 /* PostList */ = {
			isa = PBXGroup;
			children = (
				899022D1208CAC860091D777 /* PostListPresenter.swift */,
				8991F5952079707000DF8A35 /* PostListViewController.swift */,
				899022D6208CAF8F0091D777 /* PostListTableViewCell.swift */,
			);
			path = PostList;
			sourceTree = "<group>";
		};
		899022D5208CAD130091D777 /* PostDetail */ = {
			isa = PBXGroup;
			children = (
				899022E2208CB9B20091D777 /* PostDetailPresenter.swift */,
				899022E0208CB99E0091D777 /* PostDetailViewController.swift */,
			);
			path = PostDetail;
			sourceTree = "<group>";
		};
		899022DC208CB40E0091D777 /* Frameworks */ = {
			isa = PBXGroup;
			children = (
				89CB4AD1208FAAC400AB5BE5 /* Networking.xcodeproj */,
			);
			name = Frameworks;
			sourceTree = "<group>";
		};
		899022EA208CC9130091D777 /* Utils */ = {
			isa = PBXGroup;
			children = (
				899022D8208CAFFB0091D777 /* Constants.swift */,
				899022EB208CC92C0091D777 /* Presenter.swift */,
				899022ED208CC9360091D777 /* CompletionHandler.swift */,
			);
			path = Utils;
			sourceTree = "<group>";
		};
		8991F5872079707000DF8A35 = {
			isa = PBXGroup;
			children = (
				8991F5922079707000DF8A35 /* NetworkingExample */,
				8991F5912079707000DF8A35 /* Products */,
				899022DC208CB40E0091D777 /* Frameworks */,
			);
			sourceTree = "<group>";
		};
		8991F5912079707000DF8A35 /* Products */ = {
			isa = PBXGroup;
			children = (
				8991F5902079707000DF8A35 /* NetworkingExample.app */,
			);
			name = Products;
			sourceTree = "<group>";
		};
		8991F5922079707000DF8A35 /* NetworkingExample */ = {
			isa = PBXGroup;
			children = (
				899022CF208CAC3C0091D777 /* App */,
				89634BAE207970FB00B6417E /* Data */,
				899022CE208CAC260091D777 /* Scenes */,
				899022EA208CC9130091D777 /* Utils */,
				899022D0208CAC460091D777 /* Supporting Files */,
			);
			path = NetworkingExample;
			sourceTree = "<group>";
		};
		89CB4AD2208FAAC400AB5BE5 /* Products */ = {
			isa = PBXGroup;
			children = (
				89CB4AD7208FAAC400AB5BE5 /* Networking.framework */,
			);
			name = Products;
			sourceTree = "<group>";
		};
/* End PBXGroup section */

/* Begin PBXNativeTarget section */
		8991F58F2079707000DF8A35 /* NetworkingExample */ = {
			isa = PBXNativeTarget;
			buildConfigurationList = 8991F5A22079707100DF8A35 /* Build configuration list for PBXNativeTarget "NetworkingExample" */;
			buildPhases = (
				8991F58C2079707000DF8A35 /* Sources */,
				8991F58D2079707000DF8A35 /* Frameworks */,
				8991F58E2079707000DF8A35 /* Resources */,
			);
			buildRules = (
			);
			dependencies = (
			);
			name = NetworkingExample;
			productName = NetworkingExample;
			productReference = 8991F5902079707000DF8A35 /* NetworkingExample.app */;
			productType = "com.apple.product-type.application";
		};
/* End PBXNativeTarget section */

/* Begin PBXProject section */
		8991F5882079707000DF8A35 /* Project object */ = {
			isa = PBXProject;
			attributes = {
				LastSwiftUpdateCheck = 0930;
				LastUpgradeCheck = 0930;
				ORGANIZATIONNAME = "Seraphin DESUMEUR";
				TargetAttributes = {
					8991F58F2079707000DF8A35 = {
						CreatedOnToolsVersion = 9.3;
					};
				};
			};
			buildConfigurationList = 8991F58B2079707000DF8A35 /* Build configuration list for PBXProject "NetworkingExample" */;
			compatibilityVersion = "Xcode 9.3";
			developmentRegion = en;
			hasScannedForEncodings = 0;
			knownRegions = (
				en,
				Base,
			);
			mainGroup = 8991F5872079707000DF8A35;
			productRefGroup = 8991F5912079707000DF8A35 /* Products */;
			projectDirPath = "";
			projectReferences = (
				{
					ProductGroup = 89CB4AD2208FAAC400AB5BE5 /* Products */;
					ProjectRef = 89CB4AD1208FAAC400AB5BE5 /* Networking.xcodeproj */;
				},
			);
			projectRoot = "";
			targets = (
				8991F58F2079707000DF8A35 /* NetworkingExample */,
			);
		};
/* End PBXProject section */

/* Begin PBXReferenceProxy section */
		89CB4AD7208FAAC400AB5BE5 /* Networking.framework */ = {
			isa = PBXReferenceProxy;
			fileType = wrapper.framework;
			path = Networking.framework;
			remoteRef = 89CB4AD6208FAAC400AB5BE5 /* PBXContainerItemProxy */;
			sourceTree = BUILT_PRODUCTS_DIR;
		};
/* End PBXReferenceProxy section */

/* Begin PBXResourcesBuildPhase section */
		8991F58E2079707000DF8A35 /* Resources */ = {
			isa = PBXResourcesBuildPhase;
			buildActionMask = 2147483647;
			files = (
				8991F59E2079707100DF8A35 /* LaunchScreen.storyboard in Resources */,
				8991F59B2079707100DF8A35 /* Assets.xcassets in Resources */,
				8991F5992079707000DF8A35 /* Main.storyboard in Resources */,
			);
			runOnlyForDeploymentPostprocessing = 0;
		};
/* End PBXResourcesBuildPhase section */

/* Begin PBXSourcesBuildPhase section */
		8991F58C2079707000DF8A35 /* Sources */ = {
			isa = PBXSourcesBuildPhase;
			buildActionMask = 2147483647;
			files = (
				8991F5962079707000DF8A35 /* PostListViewController.swift in Sources */,
				899022EC208CC92C0091D777 /* Presenter.swift in Sources */,
				89634BAC207970F200B6417E /* JSONPlaceholderEndPoint.swift in Sources */,
				899022D7208CAF8F0091D777 /* PostListTableViewCell.swift in Sources */,
				899022D2208CAC860091D777 /* PostListPresenter.swift in Sources */,
				899022E1208CB99E0091D777 /* PostDetailViewController.swift in Sources */,
				899022EE208CC9360091D777 /* CompletionHandler.swift in Sources */,
				899022D9208CAFFB0091D777 /* Constants.swift in Sources */,
				8991F5942079707000DF8A35 /* AppDelegate.swift in Sources */,
				899022E3208CB9B20091D777 /* PostDetailPresenter.swift in Sources */,
				89634BAB207970F200B6417E /* PostResponse.swift in Sources */,
				89634BAA207970F200B6417E /* PostService.swift in Sources */,
			);
			runOnlyForDeploymentPostprocessing = 0;
		};
/* End PBXSourcesBuildPhase section */

/* Begin PBXVariantGroup section */
		8991F5972079707000DF8A35 /* Main.storyboard */ = {
			isa = PBXVariantGroup;
			children = (
				8991F5982079707000DF8A35 /* Base */,
			);
			name = Main.storyboard;
			sourceTree = "<group>";
		};
		8991F59C2079707100DF8A35 /* LaunchScreen.storyboard */ = {
			isa = PBXVariantGroup;
			children = (
				8991F59D2079707100DF8A35 /* Base */,
			);
			name = LaunchScreen.storyboard;
			sourceTree = "<group>";
		};
/* End PBXVariantGroup section */

/* Begin XCBuildConfiguration section */
		8991F5A02079707100DF8A35 /* Debug */ = {
			isa = XCBuildConfiguration;
			buildSettings = {
				ALWAYS_SEARCH_USER_PATHS = NO;
				CLANG_ANALYZER_NONNULL = YES;
				CLANG_ANALYZER_NUMBER_OBJECT_CONVERSION = YES_AGGRESSIVE;
				CLANG_CXX_LANGUAGE_STANDARD = "gnu++14";
				CLANG_CXX_LIBRARY = "libc++";
				CLANG_ENABLE_MODULES = YES;
				CLANG_ENABLE_OBJC_ARC = YES;
				CLANG_ENABLE_OBJC_WEAK = YES;
				CLANG_WARN_BLOCK_CAPTURE_AUTORELEASING = YES;
				CLANG_WARN_BOOL_CONVERSION = YES;
				CLANG_WARN_COMMA = YES;
				CLANG_WARN_CONSTANT_CONVERSION = YES;
				CLANG_WARN_DEPRECATED_OBJC_IMPLEMENTATIONS = YES;
				CLANG_WARN_DIRECT_OBJC_ISA_USAGE = YES_ERROR;
				CLANG_WARN_DOCUMENTATION_COMMENTS = YES;
				CLANG_WARN_EMPTY_BODY = YES;
				CLANG_WARN_ENUM_CONVERSION = YES;
				CLANG_WARN_INFINITE_RECURSION = YES;
				CLANG_WARN_INT_CONVERSION = YES;
				CLANG_WARN_NON_LITERAL_NULL_CONVERSION = YES;
				CLANG_WARN_OBJC_IMPLICIT_RETAIN_SELF = YES;
				CLANG_WARN_OBJC_LITERAL_CONVERSION = YES;
				CLANG_WARN_OBJC_ROOT_CLASS = YES_ERROR;
				CLANG_WARN_RANGE_LOOP_ANALYSIS = YES;
				CLANG_WARN_STRICT_PROTOTYPES = YES;
				CLANG_WARN_SUSPICIOUS_MOVE = YES;
				CLANG_WARN_UNGUARDED_AVAILABILITY = YES_AGGRESSIVE;
				CLANG_WARN_UNREACHABLE_CODE = YES;
				CLANG_WARN__DUPLICATE_METHOD_MATCH = YES;
				CODE_SIGN_IDENTITY = "iPhone Developer";
				COPY_PHASE_STRIP = NO;
				DEBUG_INFORMATION_FORMAT = dwarf;
				ENABLE_STRICT_OBJC_MSGSEND = YES;
				ENABLE_TESTABILITY = YES;
				GCC_C_LANGUAGE_STANDARD = gnu11;
				GCC_DYNAMIC_NO_PIC = NO;
				GCC_NO_COMMON_BLOCKS = YES;
				GCC_OPTIMIZATION_LEVEL = 0;
				GCC_PREPROCESSOR_DEFINITIONS = (
					"DEBUG=1",
					"$(inherited)",
				);
				GCC_WARN_64_TO_32_BIT_CONVERSION = YES;
				GCC_WARN_ABOUT_RETURN_TYPE = YES_ERROR;
				GCC_WARN_UNDECLARED_SELECTOR = YES;
				GCC_WARN_UNINITIALIZED_AUTOS = YES_AGGRESSIVE;
				GCC_WARN_UNUSED_FUNCTION = YES;
				GCC_WARN_UNUSED_VARIABLE = YES;
				IPHONEOS_DEPLOYMENT_TARGET = 11.3;
				MTL_ENABLE_DEBUG_INFO = YES;
				ONLY_ACTIVE_ARCH = YES;
				SDKROOT = iphoneos;
				SWIFT_ACTIVE_COMPILATION_CONDITIONS = DEBUG;
				SWIFT_OPTIMIZATION_LEVEL = "-Onone";
			};
			name = Debug;
		};
		8991F5A12079707100DF8A35 /* Release */ = {
			isa = XCBuildConfiguration;
			buildSettings = {
				ALWAYS_SEARCH_USER_PATHS = NO;
				CLANG_ANALYZER_NONNULL = YES;
				CLANG_ANALYZER_NUMBER_OBJECT_CONVERSION = YES_AGGRESSIVE;
				CLANG_CXX_LANGUAGE_STANDARD = "gnu++14";
				CLANG_CXX_LIBRARY = "libc++";
				CLANG_ENABLE_MODULES = YES;
				CLANG_ENABLE_OBJC_ARC = YES;
				CLANG_ENABLE_OBJC_WEAK = YES;
				CLANG_WARN_BLOCK_CAPTURE_AUTORELEASING = YES;
				CLANG_WARN_BOOL_CONVERSION = YES;
				CLANG_WARN_COMMA = YES;
				CLANG_WARN_CONSTANT_CONVERSION = YES;
				CLANG_WARN_DEPRECATED_OBJC_IMPLEMENTATIONS = YES;
				CLANG_WARN_DIRECT_OBJC_ISA_USAGE = YES_ERROR;
				CLANG_WARN_DOCUMENTATION_COMMENTS = YES;
				CLANG_WARN_EMPTY_BODY = YES;
				CLANG_WARN_ENUM_CONVERSION = YES;
				CLANG_WARN_INFINITE_RECURSION = YES;
				CLANG_WARN_INT_CONVERSION = YES;
				CLANG_WARN_NON_LITERAL_NULL_CONVERSION = YES;
				CLANG_WARN_OBJC_IMPLICIT_RETAIN_SELF = YES;
				CLANG_WARN_OBJC_LITERAL_CONVERSION = YES;
				CLANG_WARN_OBJC_ROOT_CLASS = YES_ERROR;
				CLANG_WARN_RANGE_LOOP_ANALYSIS = YES;
				CLANG_WARN_STRICT_PROTOTYPES = YES;
				CLANG_WARN_SUSPICIOUS_MOVE = YES;
				CLANG_WARN_UNGUARDED_AVAILABILITY = YES_AGGRESSIVE;
				CLANG_WARN_UNREACHABLE_CODE = YES;
				CLANG_WARN__DUPLICATE_METHOD_MATCH = YES;
				CODE_SIGN_IDENTITY = "iPhone Developer";
				COPY_PHASE_STRIP = NO;
				DEBUG_INFORMATION_FORMAT = "dwarf-with-dsym";
				ENABLE_NS_ASSERTIONS = NO;
				ENABLE_STRICT_OBJC_MSGSEND = YES;
				GCC_C_LANGUAGE_STANDARD = gnu11;
				GCC_NO_COMMON_BLOCKS = YES;
				GCC_WARN_64_TO_32_BIT_CONVERSION = YES;
				GCC_WARN_ABOUT_RETURN_TYPE = YES_ERROR;
				GCC_WARN_UNDECLARED_SELECTOR = YES;
				GCC_WARN_UNINITIALIZED_AUTOS = YES_AGGRESSIVE;
				GCC_WARN_UNUSED_FUNCTION = YES;
				GCC_WARN_UNUSED_VARIABLE = YES;
				IPHONEOS_DEPLOYMENT_TARGET = 11.3;
				MTL_ENABLE_DEBUG_INFO = NO;
				SDKROOT = iphoneos;
				SWIFT_COMPILATION_MODE = wholemodule;
				SWIFT_OPTIMIZATION_LEVEL = "-O";
				VALIDATE_PRODUCT = YES;
			};
			name = Release;
		};
		8991F5A32079707100DF8A35 /* Debug */ = {
			isa = XCBuildConfiguration;
			buildSettings = {
				ASSETCATALOG_COMPILER_APPICON_NAME = AppIcon;
				CODE_SIGN_STYLE = Automatic;
				DEVELOPMENT_TEAM = E3MCCN9MF9;
				FRAMEWORK_SEARCH_PATHS = (
					"$(inherited)",
					"$(PROJECT_DIR)/NetworkingExample",
					"$(PROJECT_DIR)",
				);
				INFOPLIST_FILE = "$(SRCROOT)/NetworkingExample/Supporting Files/Info.plist";
				LD_RUNPATH_SEARCH_PATHS = (
					"$(inherited)",
					"@executable_path/Frameworks",
				);
				PRODUCT_BUNDLE_IDENTIFIER = com.seraphindesumeur.poc.NetworkingExample;
				PRODUCT_NAME = "$(TARGET_NAME)";
				SWIFT_VERSION = 4.0;
				TARGETED_DEVICE_FAMILY = "1,2";
			};
			name = Debug;
		};
		8991F5A42079707100DF8A35 /* Release */ = {
			isa = XCBuildConfiguration;
			buildSettings = {
				ASSETCATALOG_COMPILER_APPICON_NAME = AppIcon;
				CODE_SIGN_STYLE = Automatic;
				DEVELOPMENT_TEAM = E3MCCN9MF9;
				FRAMEWORK_SEARCH_PATHS = (
					"$(inherited)",
					"$(PROJECT_DIR)/NetworkingExample",
					"$(PROJECT_DIR)",
				);
				INFOPLIST_FILE = "$(SRCROOT)/NetworkingExample/Supporting Files/Info.plist";
				LD_RUNPATH_SEARCH_PATHS = (
					"$(inherited)",
					"@executable_path/Frameworks",
				);
				PRODUCT_BUNDLE_IDENTIFIER = com.seraphindesumeur.poc.NetworkingExample;
				PRODUCT_NAME = "$(TARGET_NAME)";
				SWIFT_VERSION = 4.0;
				TARGETED_DEVICE_FAMILY = "1,2";
			};
			name = Release;
		};
/* End XCBuildConfiguration section */

/* Begin XCConfigurationList section */
		8991F58B2079707000DF8A35 /* Build configuration list for PBXProject "NetworkingExample" */ = {
			isa = XCConfigurationList;
			buildConfigurations = (
				8991F5A02079707100DF8A35 /* Debug */,
				8991F5A12079707100DF8A35 /* Release */,
			);
			defaultConfigurationIsVisible = 0;
			defaultConfigurationName = Release;
		};
		8991F5A22079707100DF8A35 /* Build configuration list for PBXNativeTarget "NetworkingExample" */ = {
			isa = XCConfigurationList;
			buildConfigurations = (
				8991F5A32079707100DF8A35 /* Debug */,
				8991F5A42079707100DF8A35 /* Release */,
			);
			defaultConfigurationIsVisible = 0;
			defaultConfigurationName = Release;
		};
/* End XCConfigurationList section */
	};
	rootObject = 8991F5882079707000DF8A35 /* Project object */;
}
